// !$*UTF8*$!
{
	archiveVersion = 1;
	classes = {
	};
	objectVersion = 50;
	objects = {

/* Begin PBXBuildFile section */
		6D0C2B722182128D002CA924 /* LICENSE in Resources */ = {isa = PBXBuildFile; fileRef = 6D0C2B702182128D002CA924 /* LICENSE */; };
		6D0C2B732182128D002CA924 /* README.md in Resources */ = {isa = PBXBuildFile; fileRef = 6D0C2B712182128D002CA924 /* README.md */; };
		6D20F997217B0651004A4ED1 /* AppDelegate.swift in Sources */ = {isa = PBXBuildFile; fileRef = 6D20F996217B0651004A4ED1 /* AppDelegate.swift */; };
		6D20F999217B0651004A4ED1 /* ViewController.swift in Sources */ = {isa = PBXBuildFile; fileRef = 6D20F998217B0651004A4ED1 /* ViewController.swift */; };
		6D20F99B217B0652004A4ED1 /* Assets.xcassets in Resources */ = {isa = PBXBuildFile; fileRef = 6D20F99A217B0652004A4ED1 /* Assets.xcassets */; };
		6D20F99E217B0652004A4ED1 /* Main.storyboard in Resources */ = {isa = PBXBuildFile; fileRef = 6D20F99C217B0652004A4ED1 /* Main.storyboard */; };
		6D20F9AA217B0653004A4ED1 /* iPomodoro_macOSTests.swift in Sources */ = {isa = PBXBuildFile; fileRef = 6D20F9A9217B0653004A4ED1 /* iPomodoro_macOSTests.swift */; };
		6D20F9B5217B0653004A4ED1 /* iPomodoro_macOSUITests.swift in Sources */ = {isa = PBXBuildFile; fileRef = 6D20F9B4217B0653004A4ED1 /* iPomodoro_macOSUITests.swift */; };
/* End PBXBuildFile section */

/* Begin PBXContainerItemProxy section */
		6D20F9A6217B0653004A4ED1 /* PBXContainerItemProxy */ = {
			isa = PBXContainerItemProxy;
			containerPortal = 6D20F98B217B0651004A4ED1 /* Project object */;
			proxyType = 1;
			remoteGlobalIDString = 6D20F992217B0651004A4ED1;
			remoteInfo = "iPomodoro-macOS";
		};
		6D20F9B1217B0653004A4ED1 /* PBXContainerItemProxy */ = {
			isa = PBXContainerItemProxy;
			containerPortal = 6D20F98B217B0651004A4ED1 /* Project object */;
			proxyType = 1;
			remoteGlobalIDString = 6D20F992217B0651004A4ED1;
			remoteInfo = "iPomodoro-macOS";
		};
/* End PBXContainerItemProxy section */

/* Begin PBXFileReference section */
		6D0C2B702182128D002CA924 /* LICENSE */ = {isa = PBXFileReference; fileEncoding = 4; lastKnownFileType = text; name = LICENSE; path = ../../LICENSE; sourceTree = "<group>"; };
		6D0C2B712182128D002CA924 /* README.md */ = {isa = PBXFileReference; fileEncoding = 4; lastKnownFileType = net.daringfireball.markdown; name = README.md; path = ../../README.md; sourceTree = "<group>"; };
		6D20F993217B0651004A4ED1 /* iPomodoro-macOS.app */ = {isa = PBXFileReference; explicitFileType = wrapper.application; includeInIndex = 0; path = "iPomodoro-macOS.app"; sourceTree = BUILT_PRODUCTS_DIR; };
		6D20F996217B0651004A4ED1 /* AppDelegate.swift */ = {isa = PBXFileReference; lastKnownFileType = sourcecode.swift; path = AppDelegate.swift; sourceTree = "<group>"; };
		6D20F998217B0651004A4ED1 /* ViewController.swift */ = {isa = PBXFileReference; lastKnownFileType = sourcecode.swift; path = ViewController.swift; sourceTree = "<group>"; };
		6D20F99A217B0652004A4ED1 /* Assets.xcassets */ = {isa = PBXFileReference; lastKnownFileType = folder.assetcatalog; path = Assets.xcassets; sourceTree = "<group>"; };
		6D20F99D217B0652004A4ED1 /* Base */ = {isa = PBXFileReference; lastKnownFileType = file.storyboard; name = Base; path = Base.lproj/Main.storyboard; sourceTree = "<group>"; };
		6D20F99F217B0652004A4ED1 /* Info.plist */ = {isa = PBXFileReference; lastKnownFileType = text.plist.xml; path = Info.plist; sourceTree = "<group>"; };
		6D20F9A0217B0652004A4ED1 /* iPomodoro_macOS.entitlements */ = {isa = PBXFileReference; lastKnownFileType = text.plist.entitlements; path = iPomodoro_macOS.entitlements; sourceTree = "<group>"; };
		6D20F9A5217B0653004A4ED1 /* iPomodoro-macOSTests.xctest */ = {isa = PBXFileReference; explicitFileType = wrapper.cfbundle; includeInIndex = 0; path = "iPomodoro-macOSTests.xctest"; sourceTree = BUILT_PRODUCTS_DIR; };
		6D20F9A9217B0653004A4ED1 /* iPomodoro_macOSTests.swift */ = {isa = PBXFileReference; lastKnownFileType = sourcecode.swift; path = iPomodoro_macOSTests.swift; sourceTree = "<group>"; };
		6D20F9AB217B0653004A4ED1 /* Info.plist */ = {isa = PBXFileReference; lastKnownFileType = text.plist.xml; path = Info.plist; sourceTree = "<group>"; };
		6D20F9B0217B0653004A4ED1 /* iPomodoro-macOSUITests.xctest */ = {isa = PBXFileReference; explicitFileType = wrapper.cfbundle; includeInIndex = 0; path = "iPomodoro-macOSUITests.xctest"; sourceTree = BUILT_PRODUCTS_DIR; };
		6D20F9B4217B0653004A4ED1 /* iPomodoro_macOSUITests.swift */ = {isa = PBXFileReference; lastKnownFileType = sourcecode.swift; path = iPomodoro_macOSUITests.swift; sourceTree = "<group>"; };
		6D20F9B6217B0653004A4ED1 /* Info.plist */ = {isa = PBXFileReference; lastKnownFileType = text.plist.xml; path = Info.plist; sourceTree = "<group>"; };
/* End PBXFileReference section */

/* Begin PBXFrameworksBuildPhase section */
		6D20F990217B0651004A4ED1 /* Frameworks */ = {
			isa = PBXFrameworksBuildPhase;
			buildActionMask = 2147483647;
			files = (
			);
			runOnlyForDeploymentPostprocessing = 0;
		};
		6D20F9A2217B0653004A4ED1 /* Frameworks */ = {
			isa = PBXFrameworksBuildPhase;
			buildActionMask = 2147483647;
			files = (
			);
			runOnlyForDeploymentPostprocessing = 0;
		};
		6D20F9AD217B0653004A4ED1 /* Frameworks */ = {
			isa = PBXFrameworksBuildPhase;
			buildActionMask = 2147483647;
			files = (
			);
			runOnlyForDeploymentPostprocessing = 0;
		};
/* End PBXFrameworksBuildPhase section */

/* Begin PBXGroup section */
		6D20F98A217B0651004A4ED1 = {
			isa = PBXGroup;
			children = (
				6D20F995217B0651004A4ED1 /* iPomodoro-macOS */,
				6D20F9A8217B0653004A4ED1 /* iPomodoro-macOSTests */,
				6D20F9B3217B0653004A4ED1 /* iPomodoro-macOSUITests */,
				6D20F994217B0651004A4ED1 /* Products */,
			);
			sourceTree = "<group>";
		};
		6D20F994217B0651004A4ED1 /* Products */ = {
			isa = PBXGroup;
			children = (
				6D20F993217B0651004A4ED1 /* iPomodoro-macOS.app */,
				6D20F9A5217B0653004A4ED1 /* iPomodoro-macOSTests.xctest */,
				6D20F9B0217B0653004A4ED1 /* iPomodoro-macOSUITests.xctest */,
			);
			name = Products;
			sourceTree = "<group>";
		};
		6D20F995217B0651004A4ED1 /* iPomodoro-macOS */ = {
			isa = PBXGroup;
			children = (
				6D20F996217B0651004A4ED1 /* AppDelegate.swift */,
				6D20F998217B0651004A4ED1 /* ViewController.swift */,
				6D20F99A217B0652004A4ED1 /* Assets.xcassets */,
				6D20F99C217B0652004A4ED1 /* Main.storyboard */,
				6D20F99F217B0652004A4ED1 /* Info.plist */,
				6D0C2B702182128D002CA924 /* LICENSE */,
				6D0C2B712182128D002CA924 /* README.md */,
				6D20F9A0217B0652004A4ED1 /* iPomodoro_macOS.entitlements */,
			);
			path = "iPomodoro-macOS";
			sourceTree = "<group>";
		};
		6D20F9A8217B0653004A4ED1 /* iPomodoro-macOSTests */ = {
			isa = PBXGroup;
			children = (
				6D20F9A9217B0653004A4ED1 /* iPomodoro_macOSTests.swift */,
				6D20F9AB217B0653004A4ED1 /* Info.plist */,
			);
			path = "iPomodoro-macOSTests";
			sourceTree = "<group>";
		};
		6D20F9B3217B0653004A4ED1 /* iPomodoro-macOSUITests */ = {
			isa = PBXGroup;
			children = (
				6D20F9B4217B0653004A4ED1 /* iPomodoro_macOSUITests.swift */,
				6D20F9B6217B0653004A4ED1 /* Info.plist */,
			);
			path = "iPomodoro-macOSUITests";
			sourceTree = "<group>";
		};
/* End PBXGroup section */

/* Begin PBXNativeTarget section */
		6D20F992217B0651004A4ED1 /* iPomodoro-macOS */ = {
			isa = PBXNativeTarget;
			buildConfigurationList = 6D20F9B9217B0653004A4ED1 /* Build configuration list for PBXNativeTarget "iPomodoro-macOS" */;
			buildPhases = (
				6D20F98F217B0651004A4ED1 /* Sources */,
				6D20F990217B0651004A4ED1 /* Frameworks */,
				6D20F991217B0651004A4ED1 /* Resources */,
			);
			buildRules = (
			);
			dependencies = (
			);
			name = "iPomodoro-macOS";
			productName = "iPomodoro-macOS";
			productReference = 6D20F993217B0651004A4ED1 /* iPomodoro-macOS.app */;
			productType = "com.apple.product-type.application";
		};
		6D20F9A4217B0653004A4ED1 /* iPomodoro-macOSTests */ = {
			isa = PBXNativeTarget;
			buildConfigurationList = 6D20F9BC217B0653004A4ED1 /* Build configuration list for PBXNativeTarget "iPomodoro-macOSTests" */;
			buildPhases = (
				6D20F9A1217B0653004A4ED1 /* Sources */,
				6D20F9A2217B0653004A4ED1 /* Frameworks */,
				6D20F9A3217B0653004A4ED1 /* Resources */,
			);
			buildRules = (
			);
			dependencies = (
				6D20F9A7217B0653004A4ED1 /* PBXTargetDependency */,
			);
			name = "iPomodoro-macOSTests";
			productName = "iPomodoro-macOSTests";
			productReference = 6D20F9A5217B0653004A4ED1 /* iPomodoro-macOSTests.xctest */;
			productType = "com.apple.product-type.bundle.unit-test";
		};
		6D20F9AF217B0653004A4ED1 /* iPomodoro-macOSUITests */ = {
			isa = PBXNativeTarget;
			buildConfigurationList = 6D20F9BF217B0653004A4ED1 /* Build configuration list for PBXNativeTarget "iPomodoro-macOSUITests" */;
			buildPhases = (
				6D20F9AC217B0653004A4ED1 /* Sources */,
				6D20F9AD217B0653004A4ED1 /* Frameworks */,
				6D20F9AE217B0653004A4ED1 /* Resources */,
			);
			buildRules = (
			);
			dependencies = (
				6D20F9B2217B0653004A4ED1 /* PBXTargetDependency */,
			);
			name = "iPomodoro-macOSUITests";
			productName = "iPomodoro-macOSUITests";
			productReference = 6D20F9B0217B0653004A4ED1 /* iPomodoro-macOSUITests.xctest */;
			productType = "com.apple.product-type.bundle.ui-testing";
		};
/* End PBXNativeTarget section */

/* Begin PBXProject section */
		6D20F98B217B0651004A4ED1 /* Project object */ = {
			isa = PBXProject;
			attributes = {
				LastSwiftUpdateCheck = 1000;
				LastUpgradeCheck = 1000;
				ORGANIZATIONNAME = HTC;
				TargetAttributes = {
					6D20F992217B0651004A4ED1 = {
						CreatedOnToolsVersion = 10.0;
					};
					6D20F9A4217B0653004A4ED1 = {
						CreatedOnToolsVersion = 10.0;
						TestTargetID = 6D20F992217B0651004A4ED1;
					};
					6D20F9AF217B0653004A4ED1 = {
						CreatedOnToolsVersion = 10.0;
						TestTargetID = 6D20F992217B0651004A4ED1;
					};
				};
			};
			buildConfigurationList = 6D20F98E217B0651004A4ED1 /* Build configuration list for PBXProject "iPomodoro-macOS" */;
			compatibilityVersion = "Xcode 9.3";
			developmentRegion = en;
			hasScannedForEncodings = 0;
			knownRegions = (
				en,
				Base,
			);
			mainGroup = 6D20F98A217B0651004A4ED1;
			productRefGroup = 6D20F994217B0651004A4ED1 /* Products */;
			projectDirPath = "";
			projectRoot = "";
			targets = (
				6D20F992217B0651004A4ED1 /* iPomodoro-macOS */,
				6D20F9A4217B0653004A4ED1 /* iPomodoro-macOSTests */,
				6D20F9AF217B0653004A4ED1 /* iPomodoro-macOSUITests */,
			);
		};
/* End PBXProject section */

/* Begin PBXResourcesBuildPhase section */
		6D20F991217B0651004A4ED1 /* Resources */ = {
			isa = PBXResourcesBuildPhase;
			buildActionMask = 2147483647;
			files = (
				6D0C2B722182128D002CA924 /* LICENSE in Resources */,
				6D20F99B217B0652004A4ED1 /* Assets.xcassets in Resources */,
				6D0C2B732182128D002CA924 /* README.md in Resources */,
				6D20F99E217B0652004A4ED1 /* Main.storyboard in Resources */,
			);
			runOnlyForDeploymentPostprocessing = 0;
		};
		6D20F9A3217B0653004A4ED1 /* Resources */ = {
			isa = PBXResourcesBuildPhase;
			buildActionMask = 2147483647;
			files = (
			);
			runOnlyForDeploymentPostprocessing = 0;
		};
		6D20F9AE217B0653004A4ED1 /* Resources */ = {
			isa = PBXResourcesBuildPhase;
			buildActionMask = 2147483647;
			files = (
			);
			runOnlyForDeploymentPostprocessing = 0;
		};
/* End PBXResourcesBuildPhase section */

/* Begin PBXSourcesBuildPhase section */
		6D20F98F217B0651004A4ED1 /* Sources */ = {
			isa = PBXSourcesBuildPhase;
			buildActionMask = 2147483647;
			files = (
				6D20F999217B0651004A4ED1 /* ViewController.swift in Sources */,
				6D20F997217B0651004A4ED1 /* AppDelegate.swift in Sources */,
			);
			runOnlyForDeploymentPostprocessing = 0;
		};
		6D20F9A1217B0653004A4ED1 /* Sources */ = {
			isa = PBXSourcesBuildPhase;
			buildActionMask = 2147483647;
			files = (
				6D20F9AA217B0653004A4ED1 /* iPomodoro_macOSTests.swift in Sources */,
			);
			runOnlyForDeploymentPostprocessing = 0;
		};
		6D20F9AC217B0653004A4ED1 /* Sources */ = {
			isa = PBXSourcesBuildPhase;
			buildActionMask = 2147483647;
			files = (
				6D20F9B5217B0653004A4ED1 /* iPomodoro_macOSUITests.swift in Sources */,
			);
			runOnlyForDeploymentPostprocessing = 0;
		};
/* End PBXSourcesBuildPhase section */

/* Begin PBXTargetDependency section */
		6D20F9A7217B0653004A4ED1 /* PBXTargetDependency */ = {
			isa = PBXTargetDependency;
			target = 6D20F992217B0651004A4ED1 /* iPomodoro-macOS */;
			targetProxy = 6D20F9A6217B0653004A4ED1 /* PBXContainerItemProxy */;
		};
		6D20F9B2217B0653004A4ED1 /* PBXTargetDependency */ = {
			isa = PBXTargetDependency;
			target = 6D20F992217B0651004A4ED1 /* iPomodoro-macOS */;
			targetProxy = 6D20F9B1217B0653004A4ED1 /* PBXContainerItemProxy */;
		};
/* End PBXTargetDependency section */

/* Begin PBXVariantGroup section */
		6D20F99C217B0652004A4ED1 /* Main.storyboard */ = {
			isa = PBXVariantGroup;
			children = (
				6D20F99D217B0652004A4ED1 /* Base */,
			);
			name = Main.storyboard;
			sourceTree = "<group>";
		};
/* End PBXVariantGroup section */

/* Begin XCBuildConfiguration section */
		6D20F9B7217B0653004A4ED1 /* Debug */ = {
			isa = XCBuildConfiguration;
			buildSettings = {
				ALWAYS_SEARCH_USER_PATHS = NO;
				CLANG_ANALYZER_NONNULL = YES;
				CLANG_ANALYZER_NUMBER_OBJECT_CONVERSION = YES_AGGRESSIVE;
				CLANG_CXX_LANGUAGE_STANDARD = "gnu++14";
				CLANG_CXX_LIBRARY = "libc++";
				CLANG_ENABLE_MODULES = YES;
				CLANG_ENABLE_OBJC_ARC = YES;
				CLANG_ENABLE_OBJC_WEAK = YES;
				CLANG_WARN_BLOCK_CAPTURE_AUTORELEASING = YES;
				CLANG_WARN_BOOL_CONVERSION = YES;
				CLANG_WARN_COMMA = YES;
				CLANG_WARN_CONSTANT_CONVERSION = YES;
				CLANG_WARN_DEPRECATED_OBJC_IMPLEMENTATIONS = YES;
				CLANG_WARN_DIRECT_OBJC_ISA_USAGE = YES_ERROR;
				CLANG_WARN_DOCUMENTATION_COMMENTS = YES;
				CLANG_WARN_EMPTY_BODY = YES;
				CLANG_WARN_ENUM_CONVERSION = YES;
				CLANG_WARN_INFINITE_RECURSION = YES;
				CLANG_WARN_INT_CONVERSION = YES;
				CLANG_WARN_NON_LITERAL_NULL_CONVERSION = YES;
				CLANG_WARN_OBJC_IMPLICIT_RETAIN_SELF = YES;
				CLANG_WARN_OBJC_LITERAL_CONVERSION = YES;
				CLANG_WARN_OBJC_ROOT_CLASS = YES_ERROR;
				CLANG_WARN_RANGE_LOOP_ANALYSIS = YES;
				CLANG_WARN_STRICT_PROTOTYPES = YES;
				CLANG_WARN_SUSPICIOUS_MOVE = YES;
				CLANG_WARN_UNGUARDED_AVAILABILITY = YES_AGGRESSIVE;
				CLANG_WARN_UNREACHABLE_CODE = YES;
				CLANG_WARN__DUPLICATE_METHOD_MATCH = YES;
				CODE_SIGN_IDENTITY = "Mac Developer";
				COPY_PHASE_STRIP = NO;
				DEBUG_INFORMATION_FORMAT = dwarf;
				ENABLE_STRICT_OBJC_MSGSEND = YES;
				ENABLE_TESTABILITY = YES;
				GCC_C_LANGUAGE_STANDARD = gnu11;
				GCC_DYNAMIC_NO_PIC = NO;
				GCC_NO_COMMON_BLOCKS = YES;
				GCC_OPTIMIZATION_LEVEL = 0;
				GCC_PREPROCESSOR_DEFINITIONS = (
					"DEBUG=1",
					"$(inherited)",
				);
				GCC_WARN_64_TO_32_BIT_CONVERSION = YES;
				GCC_WARN_ABOUT_RETURN_TYPE = YES_ERROR;
				GCC_WARN_UNDECLARED_SELECTOR = YES;
				GCC_WARN_UNINITIALIZED_AUTOS = YES_AGGRESSIVE;
				GCC_WARN_UNUSED_FUNCTION = YES;
				GCC_WARN_UNUSED_VARIABLE = YES;
				MACOSX_DEPLOYMENT_TARGET = 10.12;
				MTL_ENABLE_DEBUG_INFO = INCLUDE_SOURCE;
				MTL_FAST_MATH = YES;
				ONLY_ACTIVE_ARCH = YES;
				SDKROOT = macosx;
				SWIFT_ACTIVE_COMPILATION_CONDITIONS = DEBUG;
				SWIFT_OPTIMIZATION_LEVEL = "-Onone";
			};
			name = Debug;
		};
		6D20F9B8217B0653004A4ED1 /* Release */ = {
			isa = XCBuildConfiguration;
			buildSettings = {
				ALWAYS_SEARCH_USER_PATHS = NO;
				CLANG_ANALYZER_NONNULL = YES;
				CLANG_ANALYZER_NUMBER_OBJECT_CONVERSION = YES_AGGRESSIVE;
				CLANG_CXX_LANGUAGE_STANDARD = "gnu++14";
				CLANG_CXX_LIBRARY = "libc++";
				CLANG_ENABLE_MODULES = YES;
				CLANG_ENABLE_OBJC_ARC = YES;
				CLANG_ENABLE_OBJC_WEAK = YES;
				CLANG_WARN_BLOCK_CAPTURE_AUTORELEASING = YES;
				CLANG_WARN_BOOL_CONVERSION = YES;
				CLANG_WARN_COMMA = YES;
				CLANG_WARN_CONSTANT_CONVERSION = YES;
				CLANG_WARN_DEPRECATED_OBJC_IMPLEMENTATIONS = YES;
				CLANG_WARN_DIRECT_OBJC_ISA_USAGE = YES_ERROR;
				CLANG_WARN_DOCUMENTATION_COMMENTS = YES;
				CLANG_WARN_EMPTY_BODY = YES;
				CLANG_WARN_ENUM_CONVERSION = YES;
				CLANG_WARN_INFINITE_RECURSION = YES;
				CLANG_WARN_INT_CONVERSION = YES;
				CLANG_WARN_NON_LITERAL_NULL_CONVERSION = YES;
				CLANG_WARN_OBJC_IMPLICIT_RETAIN_SELF = YES;
				CLANG_WARN_OBJC_LITERAL_CONVERSION = YES;
				CLANG_WARN_OBJC_ROOT_CLASS = YES_ERROR;
				CLANG_WARN_RANGE_LOOP_ANALYSIS = YES;
				CLANG_WARN_STRICT_PROTOTYPES = YES;
				CLANG_WARN_SUSPICIOUS_MOVE = YES;
				CLANG_WARN_UNGUARDED_AVAILABILITY = YES_AGGRESSIVE;
				CLANG_WARN_UNREACHABLE_CODE = YES;
				CLANG_WARN__DUPLICATE_METHOD_MATCH = YES;
				CODE_SIGN_IDENTITY = "Mac Developer";
				COPY_PHASE_STRIP = NO;
				DEBUG_INFORMATION_FORMAT = "dwarf-with-dsym";
				ENABLE_NS_ASSERTIONS = NO;
				ENABLE_STRICT_OBJC_MSGSEND = YES;
				GCC_C_LANGUAGE_STANDARD = gnu11;
				GCC_NO_COMMON_BLOCKS = YES;
				GCC_WARN_64_TO_32_BIT_CONVERSION = YES;
				GCC_WARN_ABOUT_RETURN_TYPE = YES_ERROR;
				GCC_WARN_UNDECLARED_SELECTOR = YES;
				GCC_WARN_UNINITIALIZED_AUTOS = YES_AGGRESSIVE;
				GCC_WARN_UNUSED_FUNCTION = YES;
				GCC_WARN_UNUSED_VARIABLE = YES;
				MACOSX_DEPLOYMENT_TARGET = 10.12;
				MTL_ENABLE_DEBUG_INFO = NO;
				MTL_FAST_MATH = YES;
				SDKROOT = macosx;
				SWIFT_COMPILATION_MODE = wholemodule;
				SWIFT_OPTIMIZATION_LEVEL = "-O";
			};
			name = Release;
		};
		6D20F9BA217B0653004A4ED1 /* Debug */ = {
			isa = XCBuildConfiguration;
			buildSettings = {
				ASSETCATALOG_COMPILER_APPICON_NAME = AppIcon;
				CODE_SIGN_ENTITLEMENTS = "iPomodoro-macOS/iPomodoro_macOS.entitlements";
				CODE_SIGN_STYLE = Automatic;
				COMBINE_HIDPI_IMAGES = YES;
				DEVELOPMENT_TEAM = 28PV6G96R7;
				INFOPLIST_FILE = "iPomodoro-macOS/Info.plist";
				LD_RUNPATH_SEARCH_PATHS = (
					"$(inherited)",
					"@executable_path/../Frameworks",
				);
				PRODUCT_BUNDLE_IDENTIFIER = "com.iHTCboy.iPomodoro-macOS";
				PRODUCT_NAME = "$(TARGET_NAME)";
				SWIFT_VERSION = 4.2;
			};
			name = Debug;
		};
		6D20F9BB217B0653004A4ED1 /* Release */ = {
			isa = XCBuildConfiguration;
			buildSettings = {
				ASSETCATALOG_COMPILER_APPICON_NAME = AppIcon;
				CODE_SIGN_ENTITLEMENTS = "iPomodoro-macOS/iPomodoro_macOS.entitlements";
				CODE_SIGN_STYLE = Automatic;
				COMBINE_HIDPI_IMAGES = YES;
				DEVELOPMENT_TEAM = 28PV6G96R7;
				INFOPLIST_FILE = "iPomodoro-macOS/Info.plist";
				LD_RUNPATH_SEARCH_PATHS = (
					"$(inherited)",
					"@executable_path/../Frameworks",
				);
				PRODUCT_BUNDLE_IDENTIFIER = "com.iHTCboy.iPomodoro-macOS";
				PRODUCT_NAME = "$(TARGET_NAME)";
				SWIFT_VERSION = 4.2;
			};
			name = Release;
		};
		6D20F9BD217B0653004A4ED1 /* Debug */ = {
			isa = XCBuildConfiguration;
			buildSettings = {
				ALWAYS_EMBED_SWIFT_STANDARD_LIBRARIES = YES;
				BUNDLE_LOADER = "$(TEST_HOST)";
				CODE_SIGN_STYLE = Automatic;
				COMBINE_HIDPI_IMAGES = YES;
				DEVELOPMENT_TEAM = 28PV6G96R7;
				INFOPLIST_FILE = "iPomodoro-macOSTests/Info.plist";
				LD_RUNPATH_SEARCH_PATHS = (
					"$(inherited)",
					"@executable_path/../Frameworks",
					"@loader_path/../Frameworks",
				);
				PRODUCT_BUNDLE_IDENTIFIER = "com.iHTCboy.iPomodoro-macOSTests";
				PRODUCT_NAME = "$(TARGET_NAME)";
				SWIFT_VERSION = 4.2;
				TEST_HOST = "$(BUILT_PRODUCTS_DIR)/iPomodoro-macOS.app/Contents/MacOS/iPomodoro-macOS";
			};
			name = Debug;
		};
		6D20F9BE217B0653004A4ED1 /* Release */ = {
			isa = XCBuildConfiguration;
			buildSettings = {
				ALWAYS_EMBED_SWIFT_STANDARD_LIBRARIES = YES;
				BUNDLE_LOADER = "$(TEST_HOST)";
				CODE_SIGN_STYLE = Automatic;
				COMBINE_HIDPI_IMAGES = YES;
				DEVELOPMENT_TEAM = 28PV6G96R7;
				INFOPLIST_FILE = "iPomodoro-macOSTests/Info.plist";
				LD_RUNPATH_SEARCH_PATHS = (
					"$(inherited)",
					"@executable_path/../Frameworks",
					"@loader_path/../Frameworks",
				);
				PRODUCT_BUNDLE_IDENTIFIER = "com.iHTCboy.iPomodoro-macOSTests";
				PRODUCT_NAME = "$(TARGET_NAME)";
				SWIFT_VERSION = 4.2;
				TEST_HOST = "$(BUILT_PRODUCTS_DIR)/iPomodoro-macOS.app/Contents/MacOS/iPomodoro-macOS";
			};
			name = Release;
		};
		6D20F9C0217B0653004A4ED1 /* Debug */ = {
			isa = XCBuildConfiguration;
			buildSettings = {
				ALWAYS_EMBED_SWIFT_STANDARD_LIBRARIES = YES;
				CODE_SIGN_STYLE = Automatic;
				COMBINE_HIDPI_IMAGES = YES;
				DEVELOPMENT_TEAM = 28PV6G96R7;
				INFOPLIST_FILE = "iPomodoro-macOSUITests/Info.plist";
				LD_RUNPATH_SEARCH_PATHS = (
					"$(inherited)",
					"@executable_path/../Frameworks",
					"@loader_path/../Frameworks",
				);
				PRODUCT_BUNDLE_IDENTIFIER = "com.iHTCboy.iPomodoro-macOSUITests";
				PRODUCT_NAME = "$(TARGET_NAME)";
				SWIFT_VERSION = 4.2;
				TEST_TARGET_NAME = "iPomodoro-macOS";
			};
			name = Debug;
		};
		6D20F9C1217B0653004A4ED1 /* Release */ = {
			isa = XCBuildConfiguration;
			buildSettings = {
				ALWAYS_EMBED_SWIFT_STANDARD_LIBRARIES = YES;
				CODE_SIGN_STYLE = Automatic;
				COMBINE_HIDPI_IMAGES = YES;
				DEVELOPMENT_TEAM = 28PV6G96R7;
				INFOPLIST_FILE = "iPomodoro-macOSUITests/Info.plist";
				LD_RUNPATH_SEARCH_PATHS = (
					"$(inherited)",
					"@executable_path/../Frameworks",
					"@loader_path/../Frameworks",
				);
				PRODUCT_BUNDLE_IDENTIFIER = "com.iHTCboy.iPomodoro-macOSUITests";
				PRODUCT_NAME = "$(TARGET_NAME)";
				SWIFT_VERSION = 4.2;
				TEST_TARGET_NAME = "iPomodoro-macOS";
			};
			name = Release;
		};
/* End XCBuildConfiguration section */

/* Begin XCConfigurationList section */
		6D20F98E217B0651004A4ED1 /* Build configuration list for PBXProject "iPomodoro-macOS" */ = {
			isa = XCConfigurationList;
			buildConfigurations = (
				6D20F9B7217B0653004A4ED1 /* Debug */,
				6D20F9B8217B0653004A4ED1 /* Release */,
			);
			defaultConfigurationIsVisible = 0;
			defaultConfigurationName = Release;
		};
		6D20F9B9217B0653004A4ED1 /* Build configuration list for PBXNativeTarget "iPomodoro-macOS" */ = {
			isa = XCConfigurationList;
			buildConfigurations = (
				6D20F9BA217B0653004A4ED1 /* Debug */,
				6D20F9BB217B0653004A4ED1 /* Release */,
			);
			defaultConfigurationIsVisible = 0;
			defaultConfigurationName = Release;
		};
		6D20F9BC217B0653004A4ED1 /* Build configuration list for PBXNativeTarget "iPomodoro-macOSTests" */ = {
			isa = XCConfigurationList;
			buildConfigurations = (
				6D20F9BD217B0653004A4ED1 /* Debug */,
				6D20F9BE217B0653004A4ED1 /* Release */,
			);
			defaultConfigurationIsVisible = 0;
			defaultConfigurationName = Release;
		};
		6D20F9BF217B0653004A4ED1 /* Build configuration list for PBXNativeTarget "iPomodoro-macOSUITests" */ = {
			isa = XCConfigurationList;
			buildConfigurations = (
				6D20F9C0217B0653004A4ED1 /* Debug */,
				6D20F9C1217B0653004A4ED1 /* Release */,
			);
			defaultConfigurationIsVisible = 0;
			defaultConfigurationName = Release;
		};
/* End XCConfigurationList section */
	};
	rootObject = 6D20F98B217B0651004A4ED1 /* Project object */;
}
